
Microsoft Visual Studio Solution File, Format Version 12.00
# Visual Studio 2013
VisualStudioVersion = 12.0.31101.0
MinimumVisualStudioVersion = 10.0.40219.1
Project("{FAE04EC0-301F-11D3-BF4B-00C04F79EFBC}") = "EShopDomainModel", "EShopDomainModel\EShopDomainModel.csproj", "{96D1A957-D773-4136-9AEB-ABC35369B754}"
EndProject
Project("{FAE04EC0-301F-11D3-BF4B-00C04F79EFBC}") = "EShopDomainModel.Tests", "EShopDomainModel.Tests\EShopDomainModel.Tests.csproj", "{FCFB5282-1675-42E7-843D-FB0D0F3A1112}"
EndProject
Global
	GlobalSection(SolutionConfigurationPlatforms) = preSolution
		Debug|Any CPU = Debug|Any CPU
		Release|Any CPU = Release|Any CPU
	EndGlobalSection
	GlobalSection(ProjectConfigurationPlatforms) = postSolution
		{96D1A957-D773-4136-9AEB-ABC35369B754}.Debug|Any CPU.ActiveCfg = Debug|Any CPU
		{96D1A957-D773-4136-9AEB-ABC35369B754}.Debug|Any CPU.Build.0 = Debug|Any CPU
		{96D1A957-D773-4136-9AEB-ABC35369B754}.Release|Any CPU.ActiveCfg = Release|Any CPU
		{96D1A957-D773-4136-9AEB-ABC35369B754}.Release|Any CPU.Build.0 = Release|Any CPU
		{FCFB5282-1675-42E7-843D-FB0D0F3A1112}.Debug|Any CPU.ActiveCfg = Debug|Any CPU
		{FCFB5282-1675-42E7-843D-FB0D0F3A1112}.Debug|Any CPU.Build.0 = Debug|Any CPU
		{FCFB5282-1675-42E7-843D-FB0D0F3A1112}.Release|Any CPU.ActiveCfg = Release|Any CPU
		{FCFB5282-1675-42E7-843D-FB0D0F3A1112}.Release|Any CPU.Build.0 = Release|Any CPU
	EndGlobalSection
	GlobalSection(SolutionProperties) = preSolution
		HideSolutionNode = FALSE
	EndGlobalSection
EndGlobal
